
Microsoft Visual Studio Solution File, Format Version 12.00
# Visual Studio 15
VisualStudioVersion = 15.0.27703.2026
MinimumVisualStudioVersion = 10.0.40219.1
Project("{FAE04EC0-301F-11D3-BF4B-00C04F79EFBC}") = "XamarinTest2.Android", "XamarinTest2\XamarinTest2.Android\XamarinTest2.Android.csproj", "{351EA75A-BB6F-4A60-9C81-E4336BB853A2}"
EndProject
Project("{FAE04EC0-301F-11D3-BF4B-00C04F79EFBC}") = "XamarinTest2.iOS", "XamarinTest2\XamarinTest2.iOS\XamarinTest2.iOS.csproj", "{D9B8FFB1-C433-4268-8244-16A06066D01A}"
EndProject
Project("{FAE04EC0-301F-11D3-BF4B-00C04F79EFBC}") = "XamarinTest2.UWP", "XamarinTest2\XamarinTest2.UWP\XamarinTest2.UWP.csproj", "{071668DC-D089-4E08-8BFE-EF67DEBC6885}"
EndProject
Project("{FAE04EC0-301F-11D3-BF4B-00C04F79EFBC}") = "XamarinTest2", "XamarinTest2\XamarinTest2\XamarinTest2.csproj", "{57095A35-500D-4A53-B3F7-FF1B7C9558B7}"
EndProject
Global
	GlobalSection(SolutionConfigurationPlatforms) = preSolution
		Ad-Hoc|Any CPU = Ad-Hoc|Any CPU
		Ad-Hoc|ARM = Ad-Hoc|ARM
		Ad-Hoc|iPhone = Ad-Hoc|iPhone
		Ad-Hoc|iPhoneSimulator = Ad-Hoc|iPhoneSimulator
		Ad-Hoc|x64 = Ad-Hoc|x64
		Ad-Hoc|x86 = Ad-Hoc|x86
		AppStore|Any CPU = AppStore|Any CPU
		AppStore|ARM = AppStore|ARM
		AppStore|iPhone = AppStore|iPhone
		AppStore|iPhoneSimulator = AppStore|iPhoneSimulator
		AppStore|x64 = AppStore|x64
		AppStore|x86 = AppStore|x86
		Debug|Any CPU = Debug|Any CPU
		Debug|ARM = Debug|ARM
		Debug|iPhone = Debug|iPhone
		Debug|iPhoneSimulator = Debug|iPhoneSimulator
		Debug|x64 = Debug|x64
		Debug|x86 = Debug|x86
		Release|Any CPU = Release|Any CPU
		Release|ARM = Release|ARM
		Release|iPhone = Release|iPhone
		Release|iPhoneSimulator = Release|iPhoneSimulator
		Release|x64 = Release|x64
		Release|x86 = Release|x86
	EndGlobalSection
	GlobalSection(ProjectConfigurationPlatforms) = postSolution
		{351EA75A-BB6F-4A60-9C81-E4336BB853A2}.Ad-Hoc|Any CPU.ActiveCfg = Release|Any CPU
		{351EA75A-BB6F-4A60-9C81-E4336BB853A2}.Ad-Hoc|Any CPU.Build.0 = Release|Any CPU
		{351EA75A-BB6F-4A60-9C81-E4336BB853A2}.Ad-Hoc|Any CPU.Deploy.0 = Release|Any CPU
		{351EA75A-BB6F-4A60-9C81-E4336BB853A2}.Ad-Hoc|ARM.ActiveCfg = Release|Any CPU
		{351EA75A-BB6F-4A60-9C81-E4336BB853A2}.Ad-Hoc|ARM.Build.0 = Release|Any CPU
		{351EA75A-BB6F-4A60-9C81-E4336BB853A2}.Ad-Hoc|ARM.Deploy.0 = Release|Any CPU
		{351EA75A-BB6F-4A60-9C81-E4336BB853A2}.Ad-Hoc|iPhone.ActiveCfg = Release|Any CPU
		{351EA75A-BB6F-4A60-9C81-E4336BB853A2}.Ad-Hoc|iPhone.Build.0 = Release|Any CPU
		{351EA75A-BB6F-4A60-9C81-E4336BB853A2}.Ad-Hoc|iPhone.Deploy.0 = Release|Any CPU
		{351EA75A-BB6F-4A60-9C81-E4336BB853A2}.Ad-Hoc|iPhoneSimulator.ActiveCfg = Release|Any CPU
		{351EA75A-BB6F-4A60-9C81-E4336BB853A2}.Ad-Hoc|iPhoneSimulator.Build.0 = Release|Any CPU
		{351EA75A-BB6F-4A60-9C81-E4336BB853A2}.Ad-Hoc|iPhoneSimulator.Deploy.0 = Release|Any CPU
		{351EA75A-BB6F-4A60-9C81-E4336BB853A2}.Ad-Hoc|x64.ActiveCfg = Release|Any CPU
		{351EA75A-BB6F-4A60-9C81-E4336BB853A2}.Ad-Hoc|x64.Build.0 = Release|Any CPU
		{351EA75A-BB6F-4A60-9C81-E4336BB853A2}.Ad-Hoc|x64.Deploy.0 = Release|Any CPU
		{351EA75A-BB6F-4A60-9C81-E4336BB853A2}.Ad-Hoc|x86.ActiveCfg = Release|Any CPU
		{351EA75A-BB6F-4A60-9C81-E4336BB853A2}.Ad-Hoc|x86.Build.0 = Release|Any CPU
		{351EA75A-BB6F-4A60-9C81-E4336BB853A2}.Ad-Hoc|x86.Deploy.0 = Release|Any CPU
		{351EA75A-BB6F-4A60-9C81-E4336BB853A2}.AppStore|Any CPU.ActiveCfg = Release|Any CPU
		{351EA75A-BB6F-4A60-9C81-E4336BB853A2}.AppStore|Any CPU.Build.0 = Release|Any CPU
		{351EA75A-BB6F-4A60-9C81-E4336BB853A2}.AppStore|Any CPU.Deploy.0 = Release|Any CPU
		{351EA75A-BB6F-4A60-9C81-E4336BB853A2}.AppStore|ARM.ActiveCfg = Release|Any CPU
		{351EA75A-BB6F-4A60-9C81-E4336BB853A2}.AppStore|ARM.Build.0 = Release|Any CPU
		{351EA75A-BB6F-4A60-9C81-E4336BB853A2}.AppStore|ARM.Deploy.0 = Release|Any CPU
		{351EA75A-BB6F-4A60-9C81-E4336BB853A2}.AppStore|iPhone.ActiveCfg = Release|Any CPU
		{351EA75A-BB6F-4A60-9C81-E4336BB853A2}.AppStore|iPhone.Build.0 = Release|Any CPU
		{351EA75A-BB6F-4A60-9C81-E4336BB853A2}.AppStore|iPhone.Deploy.0 = Release|Any CPU
		{351EA75A-BB6F-4A60-9C81-E4336BB853A2}.AppStore|iPhoneSimulator.ActiveCfg = Release|Any CPU
		{351EA75A-BB6F-4A60-9C81-E4336BB853A2}.AppStore|iPhoneSimulator.Build.0 = Release|Any CPU
		{351EA75A-BB6F-4A60-9C81-E4336BB853A2}.AppStore|iPhoneSimulator.Deploy.0 = Release|Any CPU
		{351EA75A-BB6F-4A60-9C81-E4336BB853A2}.AppStore|x64.ActiveCfg = Release|Any CPU
		{351EA75A-BB6F-4A60-9C81-E4336BB853A2}.AppStore|x64.Build.0 = Release|Any CPU
		{351EA75A-BB6F-4A60-9C81-E4336BB853A2}.AppStore|x64.Deploy.0 = Release|Any CPU
		{351EA75A-BB6F-4A60-9C81-E4336BB853A2}.AppStore|x86.ActiveCfg = Release|Any CPU
		{351EA75A-BB6F-4A60-9C81-E4336BB853A2}.AppStore|x86.Build.0 = Release|Any CPU
		{351EA75A-BB6F-4A60-9C81-E4336BB853A2}.AppStore|x86.Deploy.0 = Release|Any CPU
		{351EA75A-BB6F-4A60-9C81-E4336BB853A2}.Debug|Any CPU.ActiveCfg = Debug|Any CPU
		{351EA75A-BB6F-4A60-9C81-E4336BB853A2}.Debug|Any CPU.Build.0 = Debug|Any CPU
		{351EA75A-BB6F-4A60-9C81-E4336BB853A2}.Debug|Any CPU.Deploy.0 = Debug|Any CPU
		{351EA75A-BB6F-4A60-9C81-E4336BB853A2}.Debug|ARM.ActiveCfg = Debug|Any CPU
		{351EA75A-BB6F-4A60-9C81-E4336BB853A2}.Debug|ARM.Build.0 = Debug|Any CPU
		{351EA75A-BB6F-4A60-9C81-E4336BB853A2}.Debug|ARM.Deploy.0 = Debug|Any CPU
		{351EA75A-BB6F-4A60-9C81-E4336BB853A2}.Debug|iPhone.ActiveCfg = Debug|Any CPU
		{351EA75A-BB6F-4A60-9C81-E4336BB853A2}.Debug|iPhone.Build.0 = Debug|Any CPU
		{351EA75A-BB6F-4A60-9C81-E4336BB853A2}.Debug|iPhone.Deploy.0 = Debug|Any CPU
		{351EA75A-BB6F-4A60-9C81-E4336BB853A2}.Debug|iPhoneSimulator.ActiveCfg = Debug|Any CPU
		{351EA75A-BB6F-4A60-9C81-E4336BB853A2}.Debug|iPhoneSimulator.Build.0 = Debug|Any CPU
		{351EA75A-BB6F-4A60-9C81-E4336BB853A2}.Debug|iPhoneSimulator.Deploy.0 = Debug|Any CPU
		{351EA75A-BB6F-4A60-9C81-E4336BB853A2}.Debug|x64.ActiveCfg = Debug|Any CPU
		{351EA75A-BB6F-4A60-9C81-E4336BB853A2}.Debug|x64.Build.0 = Debug|Any CPU
		{351EA75A-BB6F-4A60-9C81-E4336BB853A2}.Debug|x64.Deploy.0 = Debug|Any CPU
		{351EA75A-BB6F-4A60-9C81-E4336BB853A2}.Debug|x86.ActiveCfg = Debug|Any CPU
		{351EA75A-BB6F-4A60-9C81-E4336BB853A2}.Debug|x86.Build.0 = Debug|Any CPU
		{351EA75A-BB6F-4A60-9C81-E4336BB853A2}.Debug|x86.Deploy.0 = Debug|Any CPU
		{351EA75A-BB6F-4A60-9C81-E4336BB853A2}.Release|Any CPU.ActiveCfg = Release|Any CPU
		{351EA75A-BB6F-4A60-9C81-E4336BB853A2}.Release|Any CPU.Build.0 = Release|Any CPU
		{351EA75A-BB6F-4A60-9C81-E4336BB853A2}.Release|Any CPU.Deploy.0 = Release|Any CPU
		{351EA75A-BB6F-4A60-9C81-E4336BB853A2}.Release|ARM.ActiveCfg = Release|Any CPU
		{351EA75A-BB6F-4A60-9C81-E4336BB853A2}.Release|ARM.Build.0 = Release|Any CPU
		{351EA75A-BB6F-4A60-9C81-E4336BB853A2}.Release|ARM.Deploy.0 = Release|Any CPU
		{351EA75A-BB6F-4A60-9C81-E4336BB853A2}.Release|iPhone.ActiveCfg = Release|Any CPU
		{351EA75A-BB6F-4A60-9C81-E4336BB853A2}.Release|iPhone.Build.0 = Release|Any CPU
		{351EA75A-BB6F-4A60-9C81-E4336BB853A2}.Release|iPhone.Deploy.0 = Release|Any CPU
		{351EA75A-BB6F-4A60-9C81-E4336BB853A2}.Release|iPhoneSimulator.ActiveCfg = Release|Any CPU
		{351EA75A-BB6F-4A60-9C81-E4336BB853A2}.Release|iPhoneSimulator.Build.0 = Release|Any CPU
		{351EA75A-BB6F-4A60-9C81-E4336BB853A2}.Release|iPhoneSimulator.Deploy.0 = Release|Any CPU
		{351EA75A-BB6F-4A60-9C81-E4336BB853A2}.Release|x64.ActiveCfg = Release|Any CPU
		{351EA75A-BB6F-4A60-9C81-E4336BB853A2}.Release|x64.Build.0 = Release|Any CPU
		{351EA75A-BB6F-4A60-9C81-E4336BB853A2}.Release|x64.Deploy.0 = Release|Any CPU
		{351EA75A-BB6F-4A60-9C81-E4336BB853A2}.Release|x86.ActiveCfg = Release|Any CPU
		{351EA75A-BB6F-4A60-9C81-E4336BB853A2}.Release|x86.Build.0 = Release|Any CPU
		{351EA75A-BB6F-4A60-9C81-E4336BB853A2}.Release|x86.Deploy.0 = Release|Any CPU
		{D9B8FFB1-C433-4268-8244-16A06066D01A}.Ad-Hoc|Any CPU.ActiveCfg = Ad-Hoc|iPhone
		{D9B8FFB1-C433-4268-8244-16A06066D01A}.Ad-Hoc|Any CPU.Build.0 = Ad-Hoc|iPhone
		{D9B8FFB1-C433-4268-8244-16A06066D01A}.Ad-Hoc|Any CPU.Deploy.0 = Ad-Hoc|iPhone
		{D9B8FFB1-C433-4268-8244-16A06066D01A}.Ad-Hoc|ARM.ActiveCfg = Ad-Hoc|iPhone
		{D9B8FFB1-C433-4268-8244-16A06066D01A}.Ad-Hoc|ARM.Build.0 = Ad-Hoc|iPhone
		{D9B8FFB1-C433-4268-8244-16A06066D01A}.Ad-Hoc|ARM.Deploy.0 = Ad-Hoc|iPhone
		{D9B8FFB1-C433-4268-8244-16A06066D01A}.Ad-Hoc|iPhone.ActiveCfg = Ad-Hoc|iPhone
		{D9B8FFB1-C433-4268-8244-16A06066D01A}.Ad-Hoc|iPhone.Build.0 = Ad-Hoc|iPhone
		{D9B8FFB1-C433-4268-8244-16A06066D01A}.Ad-Hoc|iPhone.Deploy.0 = Ad-Hoc|iPhone
		{D9B8FFB1-C433-4268-8244-16A06066D01A}.Ad-Hoc|iPhoneSimulator.ActiveCfg = Ad-Hoc|iPhoneSimulator
		{D9B8FFB1-C433-4268-8244-16A06066D01A}.Ad-Hoc|iPhoneSimulator.Build.0 = Ad-Hoc|iPhoneSimulator
		{D9B8FFB1-C433-4268-8244-16A06066D01A}.Ad-Hoc|iPhoneSimulator.Deploy.0 = Ad-Hoc|iPhoneSimulator
		{D9B8FFB1-C433-4268-8244-16A06066D01A}.Ad-Hoc|x64.ActiveCfg = Ad-Hoc|iPhone
		{D9B8FFB1-C433-4268-8244-16A06066D01A}.Ad-Hoc|x64.Build.0 = Ad-Hoc|iPhone
		{D9B8FFB1-C433-4268-8244-16A06066D01A}.Ad-Hoc|x64.Deploy.0 = Ad-Hoc|iPhone
		{D9B8FFB1-C433-4268-8244-16A06066D01A}.Ad-Hoc|x86.ActiveCfg = Ad-Hoc|iPhone
		{D9B8FFB1-C433-4268-8244-16A06066D01A}.Ad-Hoc|x86.Build.0 = Ad-Hoc|iPhone
		{D9B8FFB1-C433-4268-8244-16A06066D01A}.Ad-Hoc|x86.Deploy.0 = Ad-Hoc|iPhone
		{D9B8FFB1-C433-4268-8244-16A06066D01A}.AppStore|Any CPU.ActiveCfg = AppStore|iPhone
		{D9B8FFB1-C433-4268-8244-16A06066D01A}.AppStore|Any CPU.Build.0 = AppStore|iPhone
		{D9B8FFB1-C433-4268-8244-16A06066D01A}.AppStore|Any CPU.Deploy.0 = AppStore|iPhone
		{D9B8FFB1-C433-4268-8244-16A06066D01A}.AppStore|ARM.ActiveCfg = AppStore|iPhone
		{D9B8FFB1-C433-4268-8244-16A06066D01A}.AppStore|ARM.Build.0 = AppStore|iPhone
		{D9B8FFB1-C433-4268-8244-16A06066D01A}.AppStore|ARM.Deploy.0 = AppStore|iPhone
		{D9B8FFB1-C433-4268-8244-16A06066D01A}.AppStore|iPhone.ActiveCfg = AppStore|iPhone
		{D9B8FFB1-C433-4268-8244-16A06066D01A}.AppStore|iPhone.Build.0 = AppStore|iPhone
		{D9B8FFB1-C433-4268-8244-16A06066D01A}.AppStore|iPhone.Deploy.0 = AppStore|iPhone
		{D9B8FFB1-C433-4268-8244-16A06066D01A}.AppStore|iPhoneSimulator.ActiveCfg = AppStore|iPhoneSimulator
		{D9B8FFB1-C433-4268-8244-16A06066D01A}.AppStore|iPhoneSimulator.Build.0 = AppStore|iPhoneSimulator
		{D9B8FFB1-C433-4268-8244-16A06066D01A}.AppStore|iPhoneSimulator.Deploy.0 = AppStore|iPhoneSimulator
		{D9B8FFB1-C433-4268-8244-16A06066D01A}.AppStore|x64.ActiveCfg = AppStore|iPhone
		{D9B8FFB1-C433-4268-8244-16A06066D01A}.AppStore|x64.Build.0 = AppStore|iPhone
		{D9B8FFB1-C433-4268-8244-16A06066D01A}.AppStore|x64.Deploy.0 = AppStore|iPhone
		{D9B8FFB1-C433-4268-8244-16A06066D01A}.AppStore|x86.ActiveCfg = AppStore|iPhone
		{D9B8FFB1-C433-4268-8244-16A06066D01A}.AppStore|x86.Build.0 = AppStore|iPhone
		{D9B8FFB1-C433-4268-8244-16A06066D01A}.AppStore|x86.Deploy.0 = AppStore|iPhone
		{D9B8FFB1-C433-4268-8244-16A06066D01A}.Debug|Any CPU.ActiveCfg = Debug|iPhoneSimulator
		{D9B8FFB1-C433-4268-8244-16A06066D01A}.Debug|Any CPU.Build.0 = Debug|iPhoneSimulator
		{D9B8FFB1-C433-4268-8244-16A06066D01A}.Debug|Any CPU.Deploy.0 = Debug|iPhoneSimulator
		{D9B8FFB1-C433-4268-8244-16A06066D01A}.Debug|ARM.ActiveCfg = Debug|iPhone
		{D9B8FFB1-C433-4268-8244-16A06066D01A}.Debug|ARM.Build.0 = Debug|iPhone
		{D9B8FFB1-C433-4268-8244-16A06066D01A}.Debug|ARM.Deploy.0 = Debug|iPhone
		{D9B8FFB1-C433-4268-8244-16A06066D01A}.Debug|iPhone.ActiveCfg = Debug|iPhone
		{D9B8FFB1-C433-4268-8244-16A06066D01A}.Debug|iPhone.Build.0 = Debug|iPhone
		{D9B8FFB1-C433-4268-8244-16A06066D01A}.Debug|iPhone.Deploy.0 = Debug|iPhone
		{D9B8FFB1-C433-4268-8244-16A06066D01A}.Debug|iPhoneSimulator.ActiveCfg = Debug|iPhoneSimulator
		{D9B8FFB1-C433-4268-8244-16A06066D01A}.Debug|iPhoneSimulator.Build.0 = Debug|iPhoneSimulator
		{D9B8FFB1-C433-4268-8244-16A06066D01A}.Debug|iPhoneSimulator.Deploy.0 = Debug|iPhoneSimulator
		{D9B8FFB1-C433-4268-8244-16A06066D01A}.Debug|x64.ActiveCfg = Debug|iPhone
		{D9B8FFB1-C433-4268-8244-16A06066D01A}.Debug|x64.Build.0 = Debug|iPhone
		{D9B8FFB1-C433-4268-8244-16A06066D01A}.Debug|x64.Deploy.0 = Debug|iPhone
		{D9B8FFB1-C433-4268-8244-16A06066D01A}.Debug|x86.ActiveCfg = Debug|iPhone
		{D9B8FFB1-C433-4268-8244-16A06066D01A}.Debug|x86.Build.0 = Debug|iPhone
		{D9B8FFB1-C433-4268-8244-16A06066D01A}.Debug|x86.Deploy.0 = Debug|iPhone
		{D9B8FFB1-C433-4268-8244-16A06066D01A}.Release|Any CPU.ActiveCfg = Release|iPhone
		{D9B8FFB1-C433-4268-8244-16A06066D01A}.Release|Any CPU.Build.0 = Release|iPhone
		{D9B8FFB1-C433-4268-8244-16A06066D01A}.Release|Any CPU.Deploy.0 = Release|iPhone
		{D9B8FFB1-C433-4268-8244-16A06066D01A}.Release|ARM.ActiveCfg = Release|iPhone
		{D9B8FFB1-C433-4268-8244-16A06066D01A}.Release|ARM.Build.0 = Release|iPhone
		{D9B8FFB1-C433-4268-8244-16A06066D01A}.Release|ARM.Deploy.0 = Release|iPhone
		{D9B8FFB1-C433-4268-8244-16A06066D01A}.Release|iPhone.ActiveCfg = Release|iPhone
		{D9B8FFB1-C433-4268-8244-16A06066D01A}.Release|iPhone.Build.0 = Release|iPhone
		{D9B8FFB1-C433-4268-8244-16A06066D01A}.Release|iPhone.Deploy.0 = Release|iPhone
		{D9B8FFB1-C433-4268-8244-16A06066D01A}.Release|iPhoneSimulator.ActiveCfg = Release|iPhoneSimulator
		{D9B8FFB1-C433-4268-8244-16A06066D01A}.Release|iPhoneSimulator.Build.0 = Release|iPhoneSimulator
		{D9B8FFB1-C433-4268-8244-16A06066D01A}.Release|iPhoneSimulator.Deploy.0 = Release|iPhoneSimulator
		{D9B8FFB1-C433-4268-8244-16A06066D01A}.Release|x64.ActiveCfg = Release|iPhone
		{D9B8FFB1-C433-4268-8244-16A06066D01A}.Release|x64.Build.0 = Release|iPhone
		{D9B8FFB1-C433-4268-8244-16A06066D01A}.Release|x64.Deploy.0 = Release|iPhone
		{D9B8FFB1-C433-4268-8244-16A06066D01A}.Release|x86.ActiveCfg = Release|iPhone
		{D9B8FFB1-C433-4268-8244-16A06066D01A}.Release|x86.Build.0 = Release|iPhone
		{D9B8FFB1-C433-4268-8244-16A06066D01A}.Release|x86.Deploy.0 = Release|iPhone
		{071668DC-D089-4E08-8BFE-EF67DEBC6885}.Ad-Hoc|Any CPU.ActiveCfg = Release|x86
		{071668DC-D089-4E08-8BFE-EF67DEBC6885}.Ad-Hoc|Any CPU.Build.0 = Release|x86
		{071668DC-D089-4E08-8BFE-EF67DEBC6885}.Ad-Hoc|Any CPU.Deploy.0 = Release|x86
		{071668DC-D089-4E08-8BFE-EF67DEBC6885}.Ad-Hoc|ARM.ActiveCfg = Release|ARM
		{071668DC-D089-4E08-8BFE-EF67DEBC6885}.Ad-Hoc|ARM.Build.0 = Release|ARM
		{071668DC-D089-4E08-8BFE-EF67DEBC6885}.Ad-Hoc|ARM.Deploy.0 = Release|ARM
		{071668DC-D089-4E08-8BFE-EF67DEBC6885}.Ad-Hoc|iPhone.ActiveCfg = Release|x86
		{071668DC-D089-4E08-8BFE-EF67DEBC6885}.Ad-Hoc|iPhone.Build.0 = Release|x86
		{071668DC-D089-4E08-8BFE-EF67DEBC6885}.Ad-Hoc|iPhone.Deploy.0 = Release|x86
		{071668DC-D089-4E08-8BFE-EF67DEBC6885}.Ad-Hoc|iPhoneSimulator.ActiveCfg = Release|x86
		{071668DC-D089-4E08-8BFE-EF67DEBC6885}.Ad-Hoc|iPhoneSimulator.Build.0 = Release|x86
		{071668DC-D089-4E08-8BFE-EF67DEBC6885}.Ad-Hoc|iPhoneSimulator.Deploy.0 = Release|x86
		{071668DC-D089-4E08-8BFE-EF67DEBC6885}.Ad-Hoc|x64.ActiveCfg = Release|x64
		{071668DC-D089-4E08-8BFE-EF67DEBC6885}.Ad-Hoc|x64.Build.0 = Release|x64
		{071668DC-D089-4E08-8BFE-EF67DEBC6885}.Ad-Hoc|x64.Deploy.0 = Release|x64
		{071668DC-D089-4E08-8BFE-EF67DEBC6885}.Ad-Hoc|x86.ActiveCfg = Release|x86
		{071668DC-D089-4E08-8BFE-EF67DEBC6885}.Ad-Hoc|x86.Build.0 = Release|x86
		{071668DC-D089-4E08-8BFE-EF67DEBC6885}.Ad-Hoc|x86.Deploy.0 = Release|x86
		{071668DC-D089-4E08-8BFE-EF67DEBC6885}.AppStore|Any CPU.ActiveCfg = Release|x86
		{071668DC-D089-4E08-8BFE-EF67DEBC6885}.AppStore|Any CPU.Build.0 = Release|x86
		{071668DC-D089-4E08-8BFE-EF67DEBC6885}.AppStore|Any CPU.Deploy.0 = Release|x86
		{071668DC-D089-4E08-8BFE-EF67DEBC6885}.AppStore|ARM.ActiveCfg = Release|ARM
		{071668DC-D089-4E08-8BFE-EF67DEBC6885}.AppStore|ARM.Build.0 = Release|ARM
		{071668DC-D089-4E08-8BFE-EF67DEBC6885}.AppStore|ARM.Deploy.0 = Release|ARM
		{071668DC-D089-4E08-8BFE-EF67DEBC6885}.AppStore|iPhone.ActiveCfg = Release|x86
		{071668DC-D089-4E08-8BFE-EF67DEBC6885}.AppStore|iPhone.Build.0 = Release|x86
		{071668DC-D089-4E08-8BFE-EF67DEBC6885}.AppStore|iPhone.Deploy.0 = Release|x86
		{071668DC-D089-4E08-8BFE-EF67DEBC6885}.AppStore|iPhoneSimulator.ActiveCfg = Release|x86
		{071668DC-D089-4E08-8BFE-EF67DEBC6885}.AppStore|iPhoneSimulator.Build.0 = Release|x86
		{071668DC-D089-4E08-8BFE-EF67DEBC6885}.AppStore|iPhoneSimulator.Deploy.0 = Release|x86
		{071668DC-D089-4E08-8BFE-EF67DEBC6885}.AppStore|x64.ActiveCfg = Release|x64
		{071668DC-D089-4E08-8BFE-EF67DEBC6885}.AppStore|x64.Build.0 = Release|x64
		{071668DC-D089-4E08-8BFE-EF67DEBC6885}.AppStore|x64.Deploy.0 = Release|x64
		{071668DC-D089-4E08-8BFE-EF67DEBC6885}.AppStore|x86.ActiveCfg = Release|x86
		{071668DC-D089-4E08-8BFE-EF67DEBC6885}.AppStore|x86.Build.0 = Release|x86
		{071668DC-D089-4E08-8BFE-EF67DEBC6885}.AppStore|x86.Deploy.0 = Release|x86
		{071668DC-D089-4E08-8BFE-EF67DEBC6885}.Debug|Any CPU.ActiveCfg = Debug|x86
		{071668DC-D089-4E08-8BFE-EF67DEBC6885}.Debug|Any CPU.Build.0 = Debug|x86
		{071668DC-D089-4E08-8BFE-EF67DEBC6885}.Debug|Any CPU.Deploy.0 = Debug|x86
		{071668DC-D089-4E08-8BFE-EF67DEBC6885}.Debug|ARM.ActiveCfg = Debug|ARM
		{071668DC-D089-4E08-8BFE-EF67DEBC6885}.Debug|ARM.Build.0 = Debug|ARM
		{071668DC-D089-4E08-8BFE-EF67DEBC6885}.Debug|ARM.Deploy.0 = Debug|ARM
		{071668DC-D089-4E08-8BFE-EF67DEBC6885}.Debug|iPhone.ActiveCfg = Debug|x86
		{071668DC-D089-4E08-8BFE-EF67DEBC6885}.Debug|iPhone.Build.0 = Debug|x86
		{071668DC-D089-4E08-8BFE-EF67DEBC6885}.Debug|iPhone.Deploy.0 = Debug|x86
		{071668DC-D089-4E08-8BFE-EF67DEBC6885}.Debug|iPhoneSimulator.ActiveCfg = Debug|x86
		{071668DC-D089-4E08-8BFE-EF67DEBC6885}.Debug|iPhoneSimulator.Build.0 = Debug|x86
		{071668DC-D089-4E08-8BFE-EF67DEBC6885}.Debug|iPhoneSimulator.Deploy.0 = Debug|x86
		{071668DC-D089-4E08-8BFE-EF67DEBC6885}.Debug|x64.ActiveCfg = Debug|x64
		{071668DC-D089-4E08-8BFE-EF67DEBC6885}.Debug|x64.Build.0 = Debug|x64
		{071668DC-D089-4E08-8BFE-EF67DEBC6885}.Debug|x64.Deploy.0 = Debug|x64
		{071668DC-D089-4E08-8BFE-EF67DEBC6885}.Debug|x86.ActiveCfg = Debug|x86
		{071668DC-D089-4E08-8BFE-EF67DEBC6885}.Debug|x86.Build.0 = Debug|x86
		{071668DC-D089-4E08-8BFE-EF67DEBC6885}.Debug|x86.Deploy.0 = Debug|x86
		{071668DC-D089-4E08-8BFE-EF67DEBC6885}.Release|Any CPU.ActiveCfg = Release|x86
		{071668DC-D089-4E08-8BFE-EF67DEBC6885}.Release|Any CPU.Build.0 = Release|x86
		{071668DC-D089-4E08-8BFE-EF67DEBC6885}.Release|Any CPU.Deploy.0 = Release|x86
		{071668DC-D089-4E08-8BFE-EF67DEBC6885}.Release|ARM.ActiveCfg = Release|ARM
		{071668DC-D089-4E08-8BFE-EF67DEBC6885}.Release|ARM.Build.0 = Release|ARM
		{071668DC-D089-4E08-8BFE-EF67DEBC6885}.Release|ARM.Deploy.0 = Release|ARM
		{071668DC-D089-4E08-8BFE-EF67DEBC6885}.Release|iPhone.ActiveCfg = Release|x86
		{071668DC-D089-4E08-8BFE-EF67DEBC6885}.Release|iPhone.Build.0 = Release|x86
		{071668DC-D089-4E08-8BFE-EF67DEBC6885}.Release|iPhone.Deploy.0 = Release|x86
		{071668DC-D089-4E08-8BFE-EF67DEBC6885}.Release|iPhoneSimulator.ActiveCfg = Release|x86
		{071668DC-D089-4E08-8BFE-EF67DEBC6885}.Release|iPhoneSimulator.Build.0 = Release|x86
		{071668DC-D089-4E08-8BFE-EF67DEBC6885}.Release|iPhoneSimulator.Deploy.0 = Release|x86
		{071668DC-D089-4E08-8BFE-EF67DEBC6885}.Release|x64.ActiveCfg = Release|x64
		{071668DC-D089-4E08-8BFE-EF67DEBC6885}.Release|x64.Build.0 = Release|x64
		{071668DC-D089-4E08-8BFE-EF67DEBC6885}.Release|x64.Deploy.0 = Release|x64
		{071668DC-D089-4E08-8BFE-EF67DEBC6885}.Release|x86.ActiveCfg = Release|x86
		{071668DC-D089-4E08-8BFE-EF67DEBC6885}.Release|x86.Build.0 = Release|x86
		{071668DC-D089-4E08-8BFE-EF67DEBC6885}.Release|x86.Deploy.0 = Release|x86
		{57095A35-500D-4A53-B3F7-FF1B7C9558B7}.Ad-Hoc|Any CPU.ActiveCfg = Debug|Any CPU
		{57095A35-500D-4A53-B3F7-FF1B7C9558B7}.Ad-Hoc|Any CPU.Build.0 = Debug|Any CPU
		{57095A35-500D-4A53-B3F7-FF1B7C9558B7}.Ad-Hoc|Any CPU.Deploy.0 = Debug|Any CPU
		{57095A35-500D-4A53-B3F7-FF1B7C9558B7}.Ad-Hoc|ARM.ActiveCfg = Debug|Any CPU
		{57095A35-500D-4A53-B3F7-FF1B7C9558B7}.Ad-Hoc|ARM.Build.0 = Debug|Any CPU
		{57095A35-500D-4A53-B3F7-FF1B7C9558B7}.Ad-Hoc|ARM.Deploy.0 = Debug|Any CPU
		{57095A35-500D-4A53-B3F7-FF1B7C9558B7}.Ad-Hoc|iPhone.ActiveCfg = Debug|Any CPU
		{57095A35-500D-4A53-B3F7-FF1B7C9558B7}.Ad-Hoc|iPhone.Build.0 = Debug|Any CPU
		{57095A35-500D-4A53-B3F7-FF1B7C9558B7}.Ad-Hoc|iPhone.Deploy.0 = Debug|Any CPU
		{57095A35-500D-4A53-B3F7-FF1B7C9558B7}.Ad-Hoc|iPhoneSimulator.ActiveCfg = Debug|Any CPU
		{57095A35-500D-4A53-B3F7-FF1B7C9558B7}.Ad-Hoc|iPhoneSimulator.Build.0 = Debug|Any CPU
		{57095A35-500D-4A53-B3F7-FF1B7C9558B7}.Ad-Hoc|iPhoneSimulator.Deploy.0 = Debug|Any CPU
		{57095A35-500D-4A53-B3F7-FF1B7C9558B7}.Ad-Hoc|x64.ActiveCfg = Debug|Any CPU
		{57095A35-500D-4A53-B3F7-FF1B7C9558B7}.Ad-Hoc|x64.Build.0 = Debug|Any CPU
		{57095A35-500D-4A53-B3F7-FF1B7C9558B7}.Ad-Hoc|x64.Deploy.0 = Debug|Any CPU
		{57095A35-500D-4A53-B3F7-FF1B7C9558B7}.Ad-Hoc|x86.ActiveCfg = Debug|Any CPU
		{57095A35-500D-4A53-B3F7-FF1B7C9558B7}.Ad-Hoc|x86.Build.0 = Debug|Any CPU
		{57095A35-500D-4A53-B3F7-FF1B7C9558B7}.Ad-Hoc|x86.Deploy.0 = Debug|Any CPU
		{57095A35-500D-4A53-B3F7-FF1B7C9558B7}.AppStore|Any CPU.ActiveCfg = Debug|Any CPU
		{57095A35-500D-4A53-B3F7-FF1B7C9558B7}.AppStore|Any CPU.Build.0 = Debug|Any CPU
		{57095A35-500D-4A53-B3F7-FF1B7C9558B7}.AppStore|Any CPU.Deploy.0 = Debug|Any CPU
		{57095A35-500D-4A53-B3F7-FF1B7C9558B7}.AppStore|ARM.ActiveCfg = Debug|Any CPU
		{57095A35-500D-4A53-B3F7-FF1B7C9558B7}.AppStore|ARM.Build.0 = Debug|Any CPU
		{57095A35-500D-4A53-B3F7-FF1B7C9558B7}.AppStore|ARM.Deploy.0 = Debug|Any CPU
		{57095A35-500D-4A53-B3F7-FF1B7C9558B7}.AppStore|iPhone.ActiveCfg = Debug|Any CPU
		{57095A35-500D-4A53-B3F7-FF1B7C9558B7}.AppStore|iPhone.Build.0 = Debug|Any CPU
		{57095A35-500D-4A53-B3F7-FF1B7C9558B7}.AppStore|iPhone.Deploy.0 = Debug|Any CPU
		{57095A35-500D-4A53-B3F7-FF1B7C9558B7}.AppStore|iPhoneSimulator.ActiveCfg = Debug|Any CPU
		{57095A35-500D-4A53-B3F7-FF1B7C9558B7}.AppStore|iPhoneSimulator.Build.0 = Debug|Any CPU
		{57095A35-500D-4A53-B3F7-FF1B7C9558B7}.AppStore|iPhoneSimulator.Deploy.0 = Debug|Any CPU
		{57095A35-500D-4A53-B3F7-FF1B7C9558B7}.AppStore|x64.ActiveCfg = Debug|Any CPU
		{57095A35-500D-4A53-B3F7-FF1B7C9558B7}.AppStore|x64.Build.0 = Debug|Any CPU
		{57095A35-500D-4A53-B3F7-FF1B7C9558B7}.AppStore|x64.Deploy.0 = Debug|Any CPU
		{57095A35-500D-4A53-B3F7-FF1B7C9558B7}.AppStore|x86.ActiveCfg = Debug|Any CPU
		{57095A35-500D-4A53-B3F7-FF1B7C9558B7}.AppStore|x86.Build.0 = Debug|Any CPU
		{57095A35-500D-4A53-B3F7-FF1B7C9558B7}.AppStore|x86.Deploy.0 = Debug|Any CPU
		{57095A35-500D-4A53-B3F7-FF1B7C9558B7}.Debug|Any CPU.ActiveCfg = Debug|Any CPU
		{57095A35-500D-4A53-B3F7-FF1B7C9558B7}.Debug|Any CPU.Build.0 = Debug|Any CPU
		{57095A35-500D-4A53-B3F7-FF1B7C9558B7}.Debug|Any CPU.Deploy.0 = Debug|Any CPU
		{57095A35-500D-4A53-B3F7-FF1B7C9558B7}.Debug|ARM.ActiveCfg = Debug|Any CPU
		{57095A35-500D-4A53-B3F7-FF1B7C9558B7}.Debug|ARM.Build.0 = Debug|Any CPU
		{57095A35-500D-4A53-B3F7-FF1B7C9558B7}.Debug|ARM.Deploy.0 = Debug|Any CPU
		{57095A35-500D-4A53-B3F7-FF1B7C9558B7}.Debug|iPhone.ActiveCfg = Debug|Any CPU
		{57095A35-500D-4A53-B3F7-FF1B7C9558B7}.Debug|iPhone.Build.0 = Debug|Any CPU
		{57095A35-500D-4A53-B3F7-FF1B7C9558B7}.Debug|iPhone.Deploy.0 = Debug|Any CPU
		{57095A35-500D-4A53-B3F7-FF1B7C9558B7}.Debug|iPhoneSimulator.ActiveCfg = Debug|Any CPU
		{57095A35-500D-4A53-B3F7-FF1B7C9558B7}.Debug|iPhoneSimulator.Build.0 = Debug|Any CPU
		{57095A35-500D-4A53-B3F7-FF1B7C9558B7}.Debug|iPhoneSimulator.Deploy.0 = Debug|Any CPU
		{57095A35-500D-4A53-B3F7-FF1B7C9558B7}.Debug|x64.ActiveCfg = Debug|Any CPU
		{57095A35-500D-4A53-B3F7-FF1B7C9558B7}.Debug|x64.Build.0 = Debug|Any CPU
		{57095A35-500D-4A53-B3F7-FF1B7C9558B7}.Debug|x64.Deploy.0 = Debug|Any CPU
		{57095A35-500D-4A53-B3F7-FF1B7C9558B7}.Debug|x86.ActiveCfg = Debug|Any CPU
		{57095A35-500D-4A53-B3F7-FF1B7C9558B7}.Debug|x86.Build.0 = Debug|Any CPU
		{57095A35-500D-4A53-B3F7-FF1B7C9558B7}.Debug|x86.Deploy.0 = Debug|Any CPU
		{57095A35-500D-4A53-B3F7-FF1B7C9558B7}.Release|Any CPU.ActiveCfg = Release|Any CPU
		{57095A35-500D-4A53-B3F7-FF1B7C9558B7}.Release|Any CPU.Build.0 = Release|Any CPU
		{57095A35-500D-4A53-B3F7-FF1B7C9558B7}.Release|Any CPU.Deploy.0 = Release|Any CPU
		{57095A35-500D-4A53-B3F7-FF1B7C9558B7}.Release|ARM.ActiveCfg = Release|Any CPU
		{57095A35-500D-4A53-B3F7-FF1B7C9558B7}.Release|ARM.Build.0 = Release|Any CPU
		{57095A35-500D-4A53-B3F7-FF1B7C9558B7}.Release|ARM.Deploy.0 = Release|Any CPU
		{57095A35-500D-4A53-B3F7-FF1B7C9558B7}.Release|iPhone.ActiveCfg = Release|Any CPU
		{57095A35-500D-4A53-B3F7-FF1B7C9558B7}.Release|iPhone.Build.0 = Release|Any CPU
		{57095A35-500D-4A53-B3F7-FF1B7C9558B7}.Release|iPhone.Deploy.0 = Release|Any CPU
		{57095A35-500D-4A53-B3F7-FF1B7C9558B7}.Release|iPhoneSimulator.ActiveCfg = Release|Any CPU
		{57095A35-500D-4A53-B3F7-FF1B7C9558B7}.Release|iPhoneSimulator.Build.0 = Release|Any CPU
		{57095A35-500D-4A53-B3F7-FF1B7C9558B7}.Release|iPhoneSimulator.Deploy.0 = Release|Any CPU
		{57095A35-500D-4A53-B3F7-FF1B7C9558B7}.Release|x64.ActiveCfg = Release|Any CPU
		{57095A35-500D-4A53-B3F7-FF1B7C9558B7}.Release|x64.Build.0 = Release|Any CPU
		{57095A35-500D-4A53-B3F7-FF1B7C9558B7}.Release|x64.Deploy.0 = Release|Any CPU
		{57095A35-500D-4A53-B3F7-FF1B7C9558B7}.Release|x86.ActiveCfg = Release|Any CPU
		{57095A35-500D-4A53-B3F7-FF1B7C9558B7}.Release|x86.Build.0 = Release|Any CPU
		{57095A35-500D-4A53-B3F7-FF1B7C9558B7}.Release|x86.Deploy.0 = Release|Any CPU
	EndGlobalSection
	GlobalSection(SolutionProperties) = preSolution
		HideSolutionNode = FALSE
	EndGlobalSection
	GlobalSection(ExtensibilityGlobals) = postSolution
		SolutionGuid = {83859628-BA15-4F4B-AA02-7A60F896527B}
	EndGlobalSection
EndGlobal
